
Microsoft Visual Studio Solution File, Format Version 12.00
# Visual Studio 15
VisualStudioVersion = 15.0.27004.2009
MinimumVisualStudioVersion = 10.0.40219.1
Project("{FAE04EC0-301F-11D3-BF4B-00C04F79EFBC}") = "AXIS Driveworks Plugin", "AXIS Driveworks Plugin\AXIS Driveworks Plugin.csproj", "{04A802B3-C4CC-4BDC-B8DF-2302A6452E2A}"
EndProject
Project("{FAE04EC0-301F-11D3-BF4B-00C04F79EFBC}") = "UnitsParserTester", "Units Parser Tester\UnitsParserTester.csproj", "{A9D906D2-FD68-4F3A-B3D6-131A7A1C06C7}"
EndProject
Project("{FAE04EC0-301F-11D3-BF4B-00C04F79EFBC}") = "FixtureSetupCodeParserTester", "Code Parser Tester\FixtureSetupCodeParserTester.csproj", "{8FEFCC29-857B-4499-979D-C6CD934925B2}"
EndProject
Project("{FAE04EC0-301F-11D3-BF4B-00C04F79EFBC}") = "DBConnector", "DBConnector\DBConnector.csproj", "{52551EF2-431F-431C-BAF1-F0B7A4A550DF}"
EndProject
Project("{FAE04EC0-301F-11D3-BF4B-00C04F79EFBC}") = "ShopDrawings PDF Assembler", "ShopDrawings PDF Assembler\DriveWorks Drawings Assemble\ShopDrawings PDF Assembler.csproj", "{E40A2112-C450-41EB-A565-B345A3F97DF7}"
EndProject
Project("{FAE04EC0-301F-11D3-BF4B-00C04F79EFBC}") = "FakeOrderGenerator", "FakeOrderGenerator\FakeOrderGenerator.csproj", "{3041D49A-B95A-4988-88D9-EA165ADDC7B9}"
EndProject
Project("{FAE04EC0-301F-11D3-BF4B-00C04F79EFBC}") = "SectionsSolverTester", "SectionsSolver\SectionsSolverTester.csproj", "{96540731-6C87-4A7C-BFFF-FCA9D90CCFF4}"
EndProject
Project("{FAE04EC0-301F-11D3-BF4B-00C04F79EFBC}") = "SettingsAndTools", "SystemWideSettings\SettingsAndTools.csproj", "{31B06EFF-C04C-4DFD-8C3F-2CB1D08F0487}"
EndProject
Project("{FAE04EC0-301F-11D3-BF4B-00C04F79EFBC}") = "FixtureConfiguratorTester", "FixtureConfiguratorTester\FixtureConfiguratorTester.csproj", "{8FA294D4-7758-4080-A213-AF6822F067F7}"
EndProject
Project("{FAE04EC0-301F-11D3-BF4B-00C04F79EFBC}") = "CartridgeSolverTester", "CartridgeSolver\CartridgeSolverTester.csproj", "{0C794055-FABB-4008-B37F-2A82204166B7}"
EndProject
Project("{FAE04EC0-301F-11D3-BF4B-00C04F79EFBC}") = "RTFTools", "RTFTools\RTFTools.csproj", "{03022BBB-FC6B-45B8-9A42-9D0971DE9F40}"
EndProject
Project("{FAE04EC0-301F-11D3-BF4B-00C04F79EFBC}") = "LINEAR XML Generator", "LINEAR XML Generator\LINEAR XML Generator.csproj", "{593B6B33-323E-467F-B5A5-3BBB62D9B099}"
EndProject
Project("{FAE04EC0-301F-11D3-BF4B-00C04F79EFBC}") = "Messenger", "Messenger\Messenger.csproj", "{D44F7A62-64B8-4370-B9CE-3749D45FDB1C}"
EndProject
Project("{FAE04EC0-301F-11D3-BF4B-00C04F79EFBC}") = "SpecSheet Generator", "SpecSheet Generator\SpecSheet Generator.csproj", "{19179994-A57A-4CAC-946B-F643D1A7ACD6}"
EndProject
Global
	GlobalSection(SolutionConfigurationPlatforms) = preSolution
		Debug|Any CPU = Debug|Any CPU
		Debug1|Any CPU = Debug1|Any CPU
		Debug2|Any CPU = Debug2|Any CPU
		Debug3|Any CPU = Debug3|Any CPU
		Release|Any CPU = Release|Any CPU
	EndGlobalSection
	GlobalSection(ProjectConfigurationPlatforms) = postSolution
		{04A802B3-C4CC-4BDC-B8DF-2302A6452E2A}.Debug|Any CPU.ActiveCfg = Debug|Any CPU
		{04A802B3-C4CC-4BDC-B8DF-2302A6452E2A}.Debug|Any CPU.Build.0 = Debug|Any CPU
		{04A802B3-C4CC-4BDC-B8DF-2302A6452E2A}.Debug1|Any CPU.ActiveCfg = Debug1|Any CPU
		{04A802B3-C4CC-4BDC-B8DF-2302A6452E2A}.Debug1|Any CPU.Build.0 = Debug1|Any CPU
		{04A802B3-C4CC-4BDC-B8DF-2302A6452E2A}.Debug2|Any CPU.ActiveCfg = Debug2|Any CPU
		{04A802B3-C4CC-4BDC-B8DF-2302A6452E2A}.Debug2|Any CPU.Build.0 = Debug2|Any CPU
		{04A802B3-C4CC-4BDC-B8DF-2302A6452E2A}.Debug3|Any CPU.ActiveCfg = Debug3|Any CPU
		{04A802B3-C4CC-4BDC-B8DF-2302A6452E2A}.Debug3|Any CPU.Build.0 = Debug3|Any CPU
		{04A802B3-C4CC-4BDC-B8DF-2302A6452E2A}.Release|Any CPU.ActiveCfg = Release|Any CPU
		{04A802B3-C4CC-4BDC-B8DF-2302A6452E2A}.Release|Any CPU.Build.0 = Release|Any CPU
		{A9D906D2-FD68-4F3A-B3D6-131A7A1C06C7}.Debug|Any CPU.ActiveCfg = Debug|Any CPU
		{A9D906D2-FD68-4F3A-B3D6-131A7A1C06C7}.Debug|Any CPU.Build.0 = Debug|Any CPU
		{A9D906D2-FD68-4F3A-B3D6-131A7A1C06C7}.Debug1|Any CPU.ActiveCfg = Debug1|Any CPU
		{A9D906D2-FD68-4F3A-B3D6-131A7A1C06C7}.Debug1|Any CPU.Build.0 = Debug1|Any CPU
		{A9D906D2-FD68-4F3A-B3D6-131A7A1C06C7}.Debug2|Any CPU.ActiveCfg = Debug2|Any CPU
		{A9D906D2-FD68-4F3A-B3D6-131A7A1C06C7}.Debug2|Any CPU.Build.0 = Debug2|Any CPU
		{A9D906D2-FD68-4F3A-B3D6-131A7A1C06C7}.Debug3|Any CPU.ActiveCfg = Debug3|Any CPU
		{A9D906D2-FD68-4F3A-B3D6-131A7A1C06C7}.Debug3|Any CPU.Build.0 = Debug3|Any CPU
		{A9D906D2-FD68-4F3A-B3D6-131A7A1C06C7}.Release|Any CPU.ActiveCfg = Release|Any CPU
		{A9D906D2-FD68-4F3A-B3D6-131A7A1C06C7}.Release|Any CPU.Build.0 = Release|Any CPU
		{8FEFCC29-857B-4499-979D-C6CD934925B2}.Debug|Any CPU.ActiveCfg = Debug|Any CPU
		{8FEFCC29-857B-4499-979D-C6CD934925B2}.Debug|Any CPU.Build.0 = Debug|Any CPU
		{8FEFCC29-857B-4499-979D-C6CD934925B2}.Debug1|Any CPU.ActiveCfg = Debug1|Any CPU
		{8FEFCC29-857B-4499-979D-C6CD934925B2}.Debug1|Any CPU.Build.0 = Debug1|Any CPU
		{8FEFCC29-857B-4499-979D-C6CD934925B2}.Debug2|Any CPU.ActiveCfg = Debug2|Any CPU
		{8FEFCC29-857B-4499-979D-C6CD934925B2}.Debug2|Any CPU.Build.0 = Debug2|Any CPU
		{8FEFCC29-857B-4499-979D-C6CD934925B2}.Debug3|Any CPU.ActiveCfg = Debug3|Any CPU
		{8FEFCC29-857B-4499-979D-C6CD934925B2}.Debug3|Any CPU.Build.0 = Debug3|Any CPU
		{8FEFCC29-857B-4499-979D-C6CD934925B2}.Release|Any CPU.ActiveCfg = Release|Any CPU
		{8FEFCC29-857B-4499-979D-C6CD934925B2}.Release|Any CPU.Build.0 = Release|Any CPU
		{52551EF2-431F-431C-BAF1-F0B7A4A550DF}.Debug|Any CPU.ActiveCfg = Debug|Any CPU
		{52551EF2-431F-431C-BAF1-F0B7A4A550DF}.Debug|Any CPU.Build.0 = Debug|Any CPU
		{52551EF2-431F-431C-BAF1-F0B7A4A550DF}.Debug1|Any CPU.ActiveCfg = Debug1|Any CPU
		{52551EF2-431F-431C-BAF1-F0B7A4A550DF}.Debug1|Any CPU.Build.0 = Debug1|Any CPU
		{52551EF2-431F-431C-BAF1-F0B7A4A550DF}.Debug2|Any CPU.ActiveCfg = Debug2|Any CPU
		{52551EF2-431F-431C-BAF1-F0B7A4A550DF}.Debug2|Any CPU.Build.0 = Debug2|Any CPU
		{52551EF2-431F-431C-BAF1-F0B7A4A550DF}.Debug3|Any CPU.ActiveCfg = Debug3|Any CPU
		{52551EF2-431F-431C-BAF1-F0B7A4A550DF}.Debug3|Any CPU.Build.0 = Debug3|Any CPU
		{52551EF2-431F-431C-BAF1-F0B7A4A550DF}.Release|Any CPU.ActiveCfg = Release|Any CPU
		{52551EF2-431F-431C-BAF1-F0B7A4A550DF}.Release|Any CPU.Build.0 = Release|Any CPU
		{E40A2112-C450-41EB-A565-B345A3F97DF7}.Debug|Any CPU.ActiveCfg = Debug|Any CPU
		{E40A2112-C450-41EB-A565-B345A3F97DF7}.Debug|Any CPU.Build.0 = Debug|Any CPU
		{E40A2112-C450-41EB-A565-B345A3F97DF7}.Debug1|Any CPU.ActiveCfg = Debug1|Any CPU
		{E40A2112-C450-41EB-A565-B345A3F97DF7}.Debug1|Any CPU.Build.0 = Debug1|Any CPU
		{E40A2112-C450-41EB-A565-B345A3F97DF7}.Debug2|Any CPU.ActiveCfg = Debug2|Any CPU
		{E40A2112-C450-41EB-A565-B345A3F97DF7}.Debug2|Any CPU.Build.0 = Debug2|Any CPU
		{E40A2112-C450-41EB-A565-B345A3F97DF7}.Debug3|Any CPU.ActiveCfg = Debug3|Any CPU
		{E40A2112-C450-41EB-A565-B345A3F97DF7}.Debug3|Any CPU.Build.0 = Debug3|Any CPU
		{E40A2112-C450-41EB-A565-B345A3F97DF7}.Release|Any CPU.ActiveCfg = Release|Any CPU
		{E40A2112-C450-41EB-A565-B345A3F97DF7}.Release|Any CPU.Build.0 = Release|Any CPU
		{3041D49A-B95A-4988-88D9-EA165ADDC7B9}.Debug|Any CPU.ActiveCfg = Debug|Any CPU
		{3041D49A-B95A-4988-88D9-EA165ADDC7B9}.Debug|Any CPU.Build.0 = Debug|Any CPU
		{3041D49A-B95A-4988-88D9-EA165ADDC7B9}.Debug1|Any CPU.ActiveCfg = Debug1|Any CPU
		{3041D49A-B95A-4988-88D9-EA165ADDC7B9}.Debug1|Any CPU.Build.0 = Debug1|Any CPU
		{3041D49A-B95A-4988-88D9-EA165ADDC7B9}.Debug2|Any CPU.ActiveCfg = Debug2|Any CPU
		{3041D49A-B95A-4988-88D9-EA165ADDC7B9}.Debug2|Any CPU.Build.0 = Debug2|Any CPU
		{3041D49A-B95A-4988-88D9-EA165ADDC7B9}.Debug3|Any CPU.ActiveCfg = Debug3|Any CPU
		{3041D49A-B95A-4988-88D9-EA165ADDC7B9}.Debug3|Any CPU.Build.0 = Debug3|Any CPU
		{3041D49A-B95A-4988-88D9-EA165ADDC7B9}.Release|Any CPU.ActiveCfg = Release|Any CPU
		{3041D49A-B95A-4988-88D9-EA165ADDC7B9}.Release|Any CPU.Build.0 = Release|Any CPU
		{96540731-6C87-4A7C-BFFF-FCA9D90CCFF4}.Debug|Any CPU.ActiveCfg = Debug|Any CPU
		{96540731-6C87-4A7C-BFFF-FCA9D90CCFF4}.Debug|Any CPU.Build.0 = Debug|Any CPU
		{96540731-6C87-4A7C-BFFF-FCA9D90CCFF4}.Debug1|Any CPU.ActiveCfg = Debug1|Any CPU
		{96540731-6C87-4A7C-BFFF-FCA9D90CCFF4}.Debug1|Any CPU.Build.0 = Debug1|Any CPU
		{96540731-6C87-4A7C-BFFF-FCA9D90CCFF4}.Debug2|Any CPU.ActiveCfg = Debug2|Any CPU
		{96540731-6C87-4A7C-BFFF-FCA9D90CCFF4}.Debug2|Any CPU.Build.0 = Debug2|Any CPU
		{96540731-6C87-4A7C-BFFF-FCA9D90CCFF4}.Debug3|Any CPU.ActiveCfg = Debug3|Any CPU
		{96540731-6C87-4A7C-BFFF-FCA9D90CCFF4}.Debug3|Any CPU.Build.0 = Debug3|Any CPU
		{96540731-6C87-4A7C-BFFF-FCA9D90CCFF4}.Release|Any CPU.ActiveCfg = Release|Any CPU
		{96540731-6C87-4A7C-BFFF-FCA9D90CCFF4}.Release|Any CPU.Build.0 = Release|Any CPU
		{31B06EFF-C04C-4DFD-8C3F-2CB1D08F0487}.Debug|Any CPU.ActiveCfg = Debug|Any CPU
		{31B06EFF-C04C-4DFD-8C3F-2CB1D08F0487}.Debug|Any CPU.Build.0 = Debug|Any CPU
		{31B06EFF-C04C-4DFD-8C3F-2CB1D08F0487}.Debug1|Any CPU.ActiveCfg = Debug1|Any CPU
		{31B06EFF-C04C-4DFD-8C3F-2CB1D08F0487}.Debug1|Any CPU.Build.0 = Debug1|Any CPU
		{31B06EFF-C04C-4DFD-8C3F-2CB1D08F0487}.Debug2|Any CPU.ActiveCfg = Debug2|Any CPU
		{31B06EFF-C04C-4DFD-8C3F-2CB1D08F0487}.Debug2|Any CPU.Build.0 = Debug2|Any CPU
		{31B06EFF-C04C-4DFD-8C3F-2CB1D08F0487}.Debug3|Any CPU.ActiveCfg = Debug3|Any CPU
		{31B06EFF-C04C-4DFD-8C3F-2CB1D08F0487}.Debug3|Any CPU.Build.0 = Debug3|Any CPU
		{31B06EFF-C04C-4DFD-8C3F-2CB1D08F0487}.Release|Any CPU.ActiveCfg = Release|Any CPU
		{31B06EFF-C04C-4DFD-8C3F-2CB1D08F0487}.Release|Any CPU.Build.0 = Release|Any CPU
		{8FA294D4-7758-4080-A213-AF6822F067F7}.Debug|Any CPU.ActiveCfg = Debug|Any CPU
		{8FA294D4-7758-4080-A213-AF6822F067F7}.Debug|Any CPU.Build.0 = Debug|Any CPU
		{8FA294D4-7758-4080-A213-AF6822F067F7}.Debug1|Any CPU.ActiveCfg = Debug1|Any CPU
		{8FA294D4-7758-4080-A213-AF6822F067F7}.Debug1|Any CPU.Build.0 = Debug1|Any CPU
		{8FA294D4-7758-4080-A213-AF6822F067F7}.Debug2|Any CPU.ActiveCfg = Debug2|Any CPU
		{8FA294D4-7758-4080-A213-AF6822F067F7}.Debug2|Any CPU.Build.0 = Debug2|Any CPU
		{8FA294D4-7758-4080-A213-AF6822F067F7}.Debug3|Any CPU.ActiveCfg = Debug3|Any CPU
		{8FA294D4-7758-4080-A213-AF6822F067F7}.Debug3|Any CPU.Build.0 = Debug3|Any CPU
		{8FA294D4-7758-4080-A213-AF6822F067F7}.Release|Any CPU.ActiveCfg = Release|Any CPU
		{8FA294D4-7758-4080-A213-AF6822F067F7}.Release|Any CPU.Build.0 = Release|Any CPU
		{0C794055-FABB-4008-B37F-2A82204166B7}.Debug|Any CPU.ActiveCfg = Debug|Any CPU
		{0C794055-FABB-4008-B37F-2A82204166B7}.Debug|Any CPU.Build.0 = Debug|Any CPU
		{0C794055-FABB-4008-B37F-2A82204166B7}.Debug1|Any CPU.ActiveCfg = Debug|Any CPU
		{0C794055-FABB-4008-B37F-2A82204166B7}.Debug1|Any CPU.Build.0 = Debug|Any CPU
		{0C794055-FABB-4008-B37F-2A82204166B7}.Debug2|Any CPU.ActiveCfg = Debug2|Any CPU
		{0C794055-FABB-4008-B37F-2A82204166B7}.Debug2|Any CPU.Build.0 = Debug2|Any CPU
		{0C794055-FABB-4008-B37F-2A82204166B7}.Debug3|Any CPU.ActiveCfg = Debug3|Any CPU
		{0C794055-FABB-4008-B37F-2A82204166B7}.Debug3|Any CPU.Build.0 = Debug3|Any CPU
		{0C794055-FABB-4008-B37F-2A82204166B7}.Release|Any CPU.ActiveCfg = Release|Any CPU
		{0C794055-FABB-4008-B37F-2A82204166B7}.Release|Any CPU.Build.0 = Release|Any CPU
		{03022BBB-FC6B-45B8-9A42-9D0971DE9F40}.Debug|Any CPU.ActiveCfg = Debug|Any CPU
		{03022BBB-FC6B-45B8-9A42-9D0971DE9F40}.Debug|Any CPU.Build.0 = Debug|Any CPU
		{03022BBB-FC6B-45B8-9A42-9D0971DE9F40}.Debug1|Any CPU.ActiveCfg = Debug|Any CPU
		{03022BBB-FC6B-45B8-9A42-9D0971DE9F40}.Debug1|Any CPU.Build.0 = Debug|Any CPU
		{03022BBB-FC6B-45B8-9A42-9D0971DE9F40}.Debug2|Any CPU.ActiveCfg = Debug2|Any CPU
		{03022BBB-FC6B-45B8-9A42-9D0971DE9F40}.Debug2|Any CPU.Build.0 = Debug2|Any CPU
		{03022BBB-FC6B-45B8-9A42-9D0971DE9F40}.Debug3|Any CPU.ActiveCfg = Debug3|Any CPU
		{03022BBB-FC6B-45B8-9A42-9D0971DE9F40}.Debug3|Any CPU.Build.0 = Debug3|Any CPU
		{03022BBB-FC6B-45B8-9A42-9D0971DE9F40}.Release|Any CPU.ActiveCfg = Release|Any CPU
		{03022BBB-FC6B-45B8-9A42-9D0971DE9F40}.Release|Any CPU.Build.0 = Release|Any CPU
		{593B6B33-323E-467F-B5A5-3BBB62D9B099}.Debug|Any CPU.ActiveCfg = Debug|Any CPU
		{593B6B33-323E-467F-B5A5-3BBB62D9B099}.Debug|Any CPU.Build.0 = Debug|Any CPU
		{593B6B33-323E-467F-B5A5-3BBB62D9B099}.Debug1|Any CPU.ActiveCfg = Debug|Any CPU
		{593B6B33-323E-467F-B5A5-3BBB62D9B099}.Debug1|Any CPU.Build.0 = Debug|Any CPU
		{593B6B33-323E-467F-B5A5-3BBB62D9B099}.Debug2|Any CPU.ActiveCfg = Debug2|Any CPU
		{593B6B33-323E-467F-B5A5-3BBB62D9B099}.Debug2|Any CPU.Build.0 = Debug2|Any CPU
		{593B6B33-323E-467F-B5A5-3BBB62D9B099}.Debug3|Any CPU.ActiveCfg = Debug3|Any CPU
		{593B6B33-323E-467F-B5A5-3BBB62D9B099}.Debug3|Any CPU.Build.0 = Debug3|Any CPU
		{593B6B33-323E-467F-B5A5-3BBB62D9B099}.Release|Any CPU.ActiveCfg = Release|Any CPU
		{593B6B33-323E-467F-B5A5-3BBB62D9B099}.Release|Any CPU.Build.0 = Release|Any CPU
		{D44F7A62-64B8-4370-B9CE-3749D45FDB1C}.Debug|Any CPU.ActiveCfg = Debug|Any CPU
		{D44F7A62-64B8-4370-B9CE-3749D45FDB1C}.Debug|Any CPU.Build.0 = Debug|Any CPU
		{D44F7A62-64B8-4370-B9CE-3749D45FDB1C}.Debug1|Any CPU.ActiveCfg = Debug|Any CPU
		{D44F7A62-64B8-4370-B9CE-3749D45FDB1C}.Debug1|Any CPU.Build.0 = Debug|Any CPU
		{D44F7A62-64B8-4370-B9CE-3749D45FDB1C}.Debug2|Any CPU.ActiveCfg = Debug|Any CPU
		{D44F7A62-64B8-4370-B9CE-3749D45FDB1C}.Debug2|Any CPU.Build.0 = Debug|Any CPU
		{D44F7A62-64B8-4370-B9CE-3749D45FDB1C}.Debug3|Any CPU.ActiveCfg = Debug|Any CPU
		{D44F7A62-64B8-4370-B9CE-3749D45FDB1C}.Debug3|Any CPU.Build.0 = Debug|Any CPU
		{D44F7A62-64B8-4370-B9CE-3749D45FDB1C}.Release|Any CPU.ActiveCfg = Release|Any CPU
		{D44F7A62-64B8-4370-B9CE-3749D45FDB1C}.Release|Any CPU.Build.0 = Release|Any CPU
		{19179994-A57A-4CAC-946B-F643D1A7ACD6}.Debug|Any CPU.ActiveCfg = Debug|Any CPU
		{19179994-A57A-4CAC-946B-F643D1A7ACD6}.Debug|Any CPU.Build.0 = Debug|Any CPU
		{19179994-A57A-4CAC-946B-F643D1A7ACD6}.Debug1|Any CPU.ActiveCfg = Debug|Any CPU
		{19179994-A57A-4CAC-946B-F643D1A7ACD6}.Debug1|Any CPU.Build.0 = Debug|Any CPU
		{19179994-A57A-4CAC-946B-F643D1A7ACD6}.Debug2|Any CPU.ActiveCfg = Debug|Any CPU
		{19179994-A57A-4CAC-946B-F643D1A7ACD6}.Debug2|Any CPU.Build.0 = Debug|Any CPU
		{19179994-A57A-4CAC-946B-F643D1A7ACD6}.Debug3|Any CPU.ActiveCfg = Debug|Any CPU
		{19179994-A57A-4CAC-946B-F643D1A7ACD6}.Debug3|Any CPU.Build.0 = Debug|Any CPU
		{19179994-A57A-4CAC-946B-F643D1A7ACD6}.Release|Any CPU.ActiveCfg = Release|Any CPU
		{19179994-A57A-4CAC-946B-F643D1A7ACD6}.Release|Any CPU.Build.0 = Release|Any CPU
	EndGlobalSection
	GlobalSection(SolutionProperties) = preSolution
		HideSolutionNode = FALSE
	EndGlobalSection
	GlobalSection(ExtensibilityGlobals) = postSolution
		SolutionGuid = {AE9F7D5E-5273-4C38-875A-10B42E0CA731}
	EndGlobalSection
EndGlobal
